// !$*UTF8*$!
{
	archiveVersion = 1;
	classes = {
	};
	objectVersion = 56;
	objects = {

/* Begin PBXBuildFile section */
		382A139A2C5A663E003C9A73 /* DynamicNotchApp.swift in Sources */ = {isa = PBXBuildFile; fileRef = 382A13992C5A663E003C9A73 /* DynamicNotchApp.swift */; };
		382A139C2C5A663E003C9A73 /* ContentView.swift in Sources */ = {isa = PBXBuildFile; fileRef = 382A139B2C5A663E003C9A73 /* ContentView.swift */; };
		382A139E2C5A663F003C9A73 /* Assets.xcassets in Resources */ = {isa = PBXBuildFile; fileRef = 382A139D2C5A663F003C9A73 /* Assets.xcassets */; };
		382A13A12C5A663F003C9A73 /* Preview Assets.xcassets in Resources */ = {isa = PBXBuildFile; fileRef = 382A13A02C5A663F003C9A73 /* Preview Assets.xcassets */; };
		382A13A92C5A6681003C9A73 /* WindowController.swift in Sources */ = {isa = PBXBuildFile; fileRef = 382A13A82C5A6681003C9A73 /* WindowController.swift */; };
		382A13AB2C5A6788003C9A73 /* AppDelegate.swift in Sources */ = {isa = PBXBuildFile; fileRef = 382A13AA2C5A6788003C9A73 /* AppDelegate.swift */; };
		38534B012C5BE32C0078AAC1 /* PlayingWave.swift in Sources */ = {isa = PBXBuildFile; fileRef = 38534B002C5BE32C0078AAC1 /* PlayingWave.swift */; };
		38534B032C5BF2450078AAC1 /* SlideText.swift in Sources */ = {isa = PBXBuildFile; fileRef = 38534B022C5BF2450078AAC1 /* SlideText.swift */; };
		3892EE1B2C5B00D2004E9C89 /* NowPlayingModel.swift in Sources */ = {isa = PBXBuildFile; fileRef = 3892EE1A2C5B00D2004E9C89 /* NowPlayingModel.swift */; };
		3892EE1D2C5B0430004E9C89 /* BottomRoundedRectangle.swift in Sources */ = {isa = PBXBuildFile; fileRef = 3892EE1C2C5B0430004E9C89 /* BottomRoundedRectangle.swift */; };
/* End PBXBuildFile section */

/* Begin PBXFileReference section */
		382A13962C5A663E003C9A73 /* DynamicNotch.app */ = {isa = PBXFileReference; explicitFileType = wrapper.application; includeInIndex = 0; path = DynamicNotch.app; sourceTree = BUILT_PRODUCTS_DIR; };
		382A13992C5A663E003C9A73 /* DynamicNotchApp.swift */ = {isa = PBXFileReference; lastKnownFileType = sourcecode.swift; path = DynamicNotchApp.swift; sourceTree = "<group>"; };
		382A139B2C5A663E003C9A73 /* ContentView.swift */ = {isa = PBXFileReference; lastKnownFileType = sourcecode.swift; path = ContentView.swift; sourceTree = "<group>"; };
		382A139D2C5A663F003C9A73 /* Assets.xcassets */ = {isa = PBXFileReference; lastKnownFileType = folder.assetcatalog; path = Assets.xcassets; sourceTree = "<group>"; };
		382A13A02C5A663F003C9A73 /* Preview Assets.xcassets */ = {isa = PBXFileReference; lastKnownFileType = folder.assetcatalog; path = "Preview Assets.xcassets"; sourceTree = "<group>"; };
		382A13A22C5A663F003C9A73 /* DynamicNotch.entitlements */ = {isa = PBXFileReference; lastKnownFileType = text.plist.entitlements; path = DynamicNotch.entitlements; sourceTree = "<group>"; };
		382A13A82C5A6681003C9A73 /* WindowController.swift */ = {isa = PBXFileReference; lastKnownFileType = sourcecode.swift; path = WindowController.swift; sourceTree = "<group>"; };
		382A13AA2C5A6788003C9A73 /* AppDelegate.swift */ = {isa = PBXFileReference; lastKnownFileType = sourcecode.swift; path = AppDelegate.swift; sourceTree = "<group>"; };
		38534B002C5BE32C0078AAC1 /* PlayingWave.swift */ = {isa = PBXFileReference; lastKnownFileType = sourcecode.swift; path = PlayingWave.swift; sourceTree = "<group>"; };
		38534B022C5BF2450078AAC1 /* SlideText.swift */ = {isa = PBXFileReference; lastKnownFileType = sourcecode.swift; path = SlideText.swift; sourceTree = "<group>"; };
		3892EE1A2C5B00D2004E9C89 /* NowPlayingModel.swift */ = {isa = PBXFileReference; lastKnownFileType = sourcecode.swift; path = NowPlayingModel.swift; sourceTree = "<group>"; };
		3892EE1C2C5B0430004E9C89 /* BottomRoundedRectangle.swift */ = {isa = PBXFileReference; lastKnownFileType = sourcecode.swift; path = BottomRoundedRectangle.swift; sourceTree = "<group>"; };
/* End PBXFileReference section */

/* Begin PBXFrameworksBuildPhase section */
		382A13932C5A663E003C9A73 /* Frameworks */ = {
			isa = PBXFrameworksBuildPhase;
			buildActionMask = 2147483647;
			files = (
			);
			runOnlyForDeploymentPostprocessing = 0;
		};
/* End PBXFrameworksBuildPhase section */

/* Begin PBXGroup section */
		382A138D2C5A663E003C9A73 = {
			isa = PBXGroup;
			children = (
				382A13982C5A663E003C9A73 /* DynamicNotch */,
				382A13972C5A663E003C9A73 /* Products */,
			);
			sourceTree = "<group>";
		};
		382A13972C5A663E003C9A73 /* Products */ = {
			isa = PBXGroup;
			children = (
				382A13962C5A663E003C9A73 /* DynamicNotch.app */,
			);
			name = Products;
			sourceTree = "<group>";
		};
		382A13982C5A663E003C9A73 /* DynamicNotch */ = {
			isa = PBXGroup;
			children = (
				382A13992C5A663E003C9A73 /* DynamicNotchApp.swift */,
				382A13A82C5A6681003C9A73 /* WindowController.swift */,
				382A13AA2C5A6788003C9A73 /* AppDelegate.swift */,
				382A139B2C5A663E003C9A73 /* ContentView.swift */,
				38534B022C5BF2450078AAC1 /* SlideText.swift */,
				3892EE1C2C5B0430004E9C89 /* BottomRoundedRectangle.swift */,
				3892EE1A2C5B00D2004E9C89 /* NowPlayingModel.swift */,
				38534B002C5BE32C0078AAC1 /* PlayingWave.swift */,
				382A139D2C5A663F003C9A73 /* Assets.xcassets */,
				382A13A22C5A663F003C9A73 /* DynamicNotch.entitlements */,
				382A139F2C5A663F003C9A73 /* Preview Content */,
			);
			path = DynamicNotch;
			sourceTree = "<group>";
		};
		382A139F2C5A663F003C9A73 /* Preview Content */ = {
			isa = PBXGroup;
			children = (
				382A13A02C5A663F003C9A73 /* Preview Assets.xcassets */,
			);
			path = "Preview Content";
			sourceTree = "<group>";
		};
/* End PBXGroup section */

/* Begin PBXNativeTarget section */
		382A13952C5A663E003C9A73 /* DynamicNotch */ = {
			isa = PBXNativeTarget;
			buildConfigurationList = 382A13A52C5A663F003C9A73 /* Build configuration list for PBXNativeTarget "DynamicNotch" */;
			buildPhases = (
				382A13922C5A663E003C9A73 /* Sources */,
				382A13932C5A663E003C9A73 /* Frameworks */,
				382A13942C5A663E003C9A73 /* Resources */,
			);
			buildRules = (
			);
			dependencies = (
			);
			name = DynamicNotch;
			productName = DynamicNotch;
			productReference = 382A13962C5A663E003C9A73 /* DynamicNotch.app */;
			productType = "com.apple.product-type.application";
		};
/* End PBXNativeTarget section */

/* Begin PBXProject section */
		382A138E2C5A663E003C9A73 /* Project object */ = {
			isa = PBXProject;
			attributes = {
				BuildIndependentTargetsInParallel = 1;
				LastSwiftUpdateCheck = 1510;
				LastUpgradeCheck = 1510;
				TargetAttributes = {
					382A13952C5A663E003C9A73 = {
						CreatedOnToolsVersion = 15.1;
					};
				};
			};
			buildConfigurationList = 382A13912C5A663E003C9A73 /* Build configuration list for PBXProject "DynamicNotch" */;
			compatibilityVersion = "Xcode 14.0";
			developmentRegion = en;
			hasScannedForEncodings = 0;
			knownRegions = (
				en,
				Base,
			);
			mainGroup = 382A138D2C5A663E003C9A73;
			productRefGroup = 382A13972C5A663E003C9A73 /* Products */;
			projectDirPath = "";
			projectRoot = "";
			targets = (
				382A13952C5A663E003C9A73 /* DynamicNotch */,
			);
		};
/* End PBXProject section */

/* Begin PBXResourcesBuildPhase section */
		382A13942C5A663E003C9A73 /* Resources */ = {
			isa = PBXResourcesBuildPhase;
			buildActionMask = 2147483647;
			files = (
				382A13A12C5A663F003C9A73 /* Preview Assets.xcassets in Resources */,
				382A139E2C5A663F003C9A73 /* Assets.xcassets in Resources */,
			);
			runOnlyForDeploymentPostprocessing = 0;
		};
/* End PBXResourcesBuildPhase section */

/* Begin PBXSourcesBuildPhase section */
		382A13922C5A663E003C9A73 /* Sources */ = {
			isa = PBXSourcesBuildPhase;
			buildActionMask = 2147483647;
			files = (
				38534B032C5BF2450078AAC1 /* SlideText.swift in Sources */,
				3892EE1B2C5B00D2004E9C89 /* NowPlayingModel.swift in Sources */,
				382A13AB2C5A6788003C9A73 /* AppDelegate.swift in Sources */,
				3892EE1D2C5B0430004E9C89 /* BottomRoundedRectangle.swift in Sources */,
				382A139C2C5A663E003C9A73 /* ContentView.swift in Sources */,
				38534B012C5BE32C0078AAC1 /* PlayingWave.swift in Sources */,
				382A13A92C5A6681003C9A73 /* WindowController.swift in Sources */,
				382A139A2C5A663E003C9A73 /* DynamicNotchApp.swift in Sources */,
			);
			runOnlyForDeploymentPostprocessing = 0;
		};
/* End PBXSourcesBuildPhase section */

/* Begin XCBuildConfiguration section */
		382A13A32C5A663F003C9A73 /* Debug */ = {
			isa = XCBuildConfiguration;
			buildSettings = {
				ALWAYS_SEARCH_USER_PATHS = NO;
				ASSETCATALOG_COMPILER_GENERATE_SWIFT_ASSET_SYMBOL_EXTENSIONS = YES;
				CLANG_ANALYZER_NONNULL = YES;
				CLANG_ANALYZER_NUMBER_OBJECT_CONVERSION = YES_AGGRESSIVE;
				CLANG_CXX_LANGUAGE_STANDARD = "gnu++20";
				CLANG_ENABLE_MODULES = YES;
				CLANG_ENABLE_OBJC_ARC = YES;
				CLANG_ENABLE_OBJC_WEAK = YES;
				CLANG_WARN_BLOCK_CAPTURE_AUTORELEASING = YES;
				CLANG_WARN_BOOL_CONVERSION = YES;
				CLANG_WARN_COMMA = YES;
				CLANG_WARN_CONSTANT_CONVERSION = YES;
				CLANG_WARN_DEPRECATED_OBJC_IMPLEMENTATIONS = YES;
				CLANG_WARN_DIRECT_OBJC_ISA_USAGE = YES_ERROR;
				CLANG_WARN_DOCUMENTATION_COMMENTS = YES;
				CLANG_WARN_EMPTY_BODY = YES;
				CLANG_WARN_ENUM_CONVERSION = YES;
				CLANG_WARN_INFINITE_RECURSION = YES;
				CLANG_WARN_INT_CONVERSION = YES;
				CLANG_WARN_NON_LITERAL_NULL_CONVERSION = YES;
				CLANG_WARN_OBJC_IMPLICIT_RETAIN_SELF = YES;
				CLANG_WARN_OBJC_LITERAL_CONVERSION = YES;
				CLANG_WARN_OBJC_ROOT_CLASS = YES_ERROR;
				CLANG_WARN_QUOTED_INCLUDE_IN_FRAMEWORK_HEADER = YES;
				CLANG_WARN_RANGE_LOOP_ANALYSIS = YES;
				CLANG_WARN_STRICT_PROTOTYPES = YES;
				CLANG_WARN_SUSPICIOUS_MOVE = YES;
				CLANG_WARN_UNGUARDED_AVAILABILITY = YES_AGGRESSIVE;
				CLANG_WARN_UNREACHABLE_CODE = YES;
				CLANG_WARN__DUPLICATE_METHOD_MATCH = YES;
				COPY_PHASE_STRIP = NO;
				DEBUG_INFORMATION_FORMAT = dwarf;
				ENABLE_STRICT_OBJC_MSGSEND = YES;
				ENABLE_TESTABILITY = YES;
				ENABLE_USER_SCRIPT_SANDBOXING = YES;
				GCC_C_LANGUAGE_STANDARD = gnu17;
				GCC_DYNAMIC_NO_PIC = NO;
				GCC_NO_COMMON_BLOCKS = YES;
				GCC_OPTIMIZATION_LEVEL = 0;
				GCC_PREPROCESSOR_DEFINITIONS = (
					"DEBUG=1",
					"$(inherited)",
				);
				GCC_WARN_64_TO_32_BIT_CONVERSION = YES;
				GCC_WARN_ABOUT_RETURN_TYPE = YES_ERROR;
				GCC_WARN_UNDECLARED_SELECTOR = YES;
				GCC_WARN_UNINITIALIZED_AUTOS = YES_AGGRESSIVE;
				GCC_WARN_UNUSED_FUNCTION = YES;
				GCC_WARN_UNUSED_VARIABLE = YES;
				LOCALIZATION_PREFERS_STRING_CATALOGS = YES;
				MACOSX_DEPLOYMENT_TARGET = 14.2;
				MTL_ENABLE_DEBUG_INFO = INCLUDE_SOURCE;
				MTL_FAST_MATH = YES;
				ONLY_ACTIVE_ARCH = YES;
				SDKROOT = macosx;
				SWIFT_ACTIVE_COMPILATION_CONDITIONS = "DEBUG $(inherited)";
				SWIFT_OPTIMIZATION_LEVEL = "-Onone";
			};
			name = Debug;
		};
		382A13A42C5A663F003C9A73 /* Release */ = {
			isa = XCBuildConfiguration;
			buildSettings = {
				ALWAYS_SEARCH_USER_PATHS = NO;
				ASSETCATALOG_COMPILER_GENERATE_SWIFT_ASSET_SYMBOL_EXTENSIONS = YES;
				CLANG_ANALYZER_NONNULL = YES;
				CLANG_ANALYZER_NUMBER_OBJECT_CONVERSION = YES_AGGRESSIVE;
				CLANG_CXX_LANGUAGE_STANDARD = "gnu++20";
				CLANG_ENABLE_MODULES = YES;
				CLANG_ENABLE_OBJC_ARC = YES;
				CLANG_ENABLE_OBJC_WEAK = YES;
				CLANG_WARN_BLOCK_CAPTURE_AUTORELEASING = YES;
				CLANG_WARN_BOOL_CONVERSION = YES;
				CLANG_WARN_COMMA = YES;
				CLANG_WARN_CONSTANT_CONVERSION = YES;
				CLANG_WARN_DEPRECATED_OBJC_IMPLEMENTATIONS = YES;
				CLANG_WARN_DIRECT_OBJC_ISA_USAGE = YES_ERROR;
				CLANG_WARN_DOCUMENTATION_COMMENTS = YES;
				CLANG_WARN_EMPTY_BODY = YES;
				CLANG_WARN_ENUM_CONVERSION = YES;
				CLANG_WARN_INFINITE_RECURSION = YES;
				CLANG_WARN_INT_CONVERSION = YES;
				CLANG_WARN_NON_LITERAL_NULL_CONVERSION = YES;
				CLANG_WARN_OBJC_IMPLICIT_RETAIN_SELF = YES;
				CLANG_WARN_OBJC_LITERAL_CONVERSION = YES;
				CLANG_WARN_OBJC_ROOT_CLASS = YES_ERROR;
				CLANG_WARN_QUOTED_INCLUDE_IN_FRAMEWORK_HEADER = YES;
				CLANG_WARN_RANGE_LOOP_ANALYSIS = YES;
				CLANG_WARN_STRICT_PROTOTYPES = YES;
				CLANG_WARN_SUSPICIOUS_MOVE = YES;
				CLANG_WARN_UNGUARDED_AVAILABILITY = YES_AGGRESSIVE;
				CLANG_WARN_UNREACHABLE_CODE = YES;
				CLANG_WARN__DUPLICATE_METHOD_MATCH = YES;
				COPY_PHASE_STRIP = NO;
				DEBUG_INFORMATION_FORMAT = "dwarf-with-dsym";
				ENABLE_NS_ASSERTIONS = NO;
				ENABLE_STRICT_OBJC_MSGSEND = YES;
				ENABLE_USER_SCRIPT_SANDBOXING = YES;
				GCC_C_LANGUAGE_STANDARD = gnu17;
				GCC_NO_COMMON_BLOCKS = YES;
				GCC_WARN_64_TO_32_BIT_CONVERSION = YES;
				GCC_WARN_ABOUT_RETURN_TYPE = YES_ERROR;
				GCC_WARN_UNDECLARED_SELECTOR = YES;
				GCC_WARN_UNINITIALIZED_AUTOS = YES_AGGRESSIVE;
				GCC_WARN_UNUSED_FUNCTION = YES;
				GCC_WARN_UNUSED_VARIABLE = YES;
				LOCALIZATION_PREFERS_STRING_CATALOGS = YES;
				MACOSX_DEPLOYMENT_TARGET = 14.2;
				MTL_ENABLE_DEBUG_INFO = NO;
				MTL_FAST_MATH = YES;
				SDKROOT = macosx;
				SWIFT_COMPILATION_MODE = wholemodule;
			};
			name = Release;
		};
		382A13A62C5A663F003C9A73 /* Debug */ = {
			isa = XCBuildConfiguration;
			buildSettings = {
				ASSETCATALOG_COMPILER_APPICON_NAME = AppIcon;
				ASSETCATALOG_COMPILER_GLOBAL_ACCENT_COLOR_NAME = AccentColor;
				CODE_SIGN_ENTITLEMENTS = DynamicNotch/DynamicNotch.entitlements;
				"CODE_SIGN_IDENTITY[sdk=macosx*]" = "-";
				CODE_SIGN_STYLE = Automatic;
				COMBINE_HIDPI_IMAGES = YES;
				CURRENT_PROJECT_VERSION = 1;
				DEVELOPMENT_ASSET_PATHS = "\"DynamicNotch/Preview Content\"";
				DEVELOPMENT_TEAM = T7X84HN3W3;
				ENABLE_HARDENED_RUNTIME = YES;
				ENABLE_PREVIEWS = YES;
				GENERATE_INFOPLIST_FILE = YES;
				INFOPLIST_KEY_NSHumanReadableCopyright = "";
				LD_RUNPATH_SEARCH_PATHS = (
					"$(inherited)",
					"@executable_path/../Frameworks",
				);
				MARKETING_VERSION = 1.0;
				PRODUCT_BUNDLE_IDENTIFIER = nuh.DynamicNotch;
				PRODUCT_NAME = "$(TARGET_NAME)";
				SWIFT_EMIT_LOC_STRINGS = YES;
				SWIFT_VERSION = 5.0;
			};
			name = Debug;
		};
		382A13A72C5A663F003C9A73 /* Release */ = {
			isa = XCBuildConfiguration;
			buildSettings = {
				ASSETCATALOG_COMPILER_APPICON_NAME = AppIcon;
				ASSETCATALOG_COMPILER_GLOBAL_ACCENT_COLOR_NAME = AccentColor;
				CODE_SIGN_ENTITLEMENTS = DynamicNotch/DynamicNotch.entitlements;
				"CODE_SIGN_IDENTITY[sdk=macosx*]" = "-";
				CODE_SIGN_STYLE = Automatic;
				COMBINE_HIDPI_IMAGES = YES;
				CURRENT_PROJECT_VERSION = 1;
				DEVELOPMENT_ASSET_PATHS = "\"DynamicNotch/Preview Content\"";
				DEVELOPMENT_TEAM = T7X84HN3W3;
				ENABLE_HARDENED_RUNTIME = YES;
				ENABLE_PREVIEWS = YES;
				GENERATE_INFOPLIST_FILE = YES;
				INFOPLIST_KEY_NSHumanReadableCopyright = "";
				LD_RUNPATH_SEARCH_PATHS = (
					"$(inherited)",
					"@executable_path/../Frameworks",
				);
				MARKETING_VERSION = 1.0;
				PRODUCT_BUNDLE_IDENTIFIER = nuh.DynamicNotch;
				PRODUCT_NAME = "$(TARGET_NAME)";
				SWIFT_EMIT_LOC_STRINGS = YES;
				SWIFT_VERSION = 5.0;
			};
			name = Release;
		};
/* End XCBuildConfiguration section */

/* Begin XCConfigurationList section */
		382A13912C5A663E003C9A73 /* Build configuration list for PBXProject "DynamicNotch" */ = {
			isa = XCConfigurationList;
			buildConfigurations = (
				382A13A32C5A663F003C9A73 /* Debug */,
				382A13A42C5A663F003C9A73 /* Release */,
			);
			defaultConfigurationIsVisible = 0;
			defaultConfigurationName = Release;
		};
		382A13A52C5A663F003C9A73 /* Build configuration list for PBXNativeTarget "DynamicNotch" */ = {
			isa = XCConfigurationList;
			buildConfigurations = (
				382A13A62C5A663F003C9A73 /* Debug */,
				382A13A72C5A663F003C9A73 /* Release */,
			);
			defaultConfigurationIsVisible = 0;
			defaultConfigurationName = Release;
		};
/* End XCConfigurationList section */
	};
	rootObject = 382A138E2C5A663E003C9A73 /* Project object */;
}
